Microsoft Visual Studio Solution File, Format Version 12.00
# Visual Studio 15
VisualStudioVersion = 15.0.28010.2036
MinimumVisualStudioVersion = 10.0.40219.1
Project("{9A19103F-16F7-4668-BE54-9A1E7A4F7556}") = "DataEngine", "DataEngine\DataEngine.csproj", "{BEAFFEF9-0CC0-4AF8-AAB1-0BF8378F7C94}"
EndProject
Project("{9A19103F-16F7-4668-BE54-9A1E7A4F7556}") = "Engine", "Engine\Engine.csproj", "{66870045-4869-402D-88B8-E5EDD9A7E935}"
EndProject
Project("{FAE04EC0-301F-11D3-BF4B-00C04F79EFBC}") = "Tool", "Tool\Tool.csproj", "{E64D67AB-3CB0-4EF5-B7F0-72BE1C80540D}"
EndProject
Project("{FAE04EC0-301F-11D3-BF4B-00C04F79EFBC}") = "DAL", "DAL\DAL.csproj", "{95D1D989-4DD1-4E6C-9A1D-B2F0C92CB636}"
	ProjectSection(ProjectDependencies) = postProject
		{E64D67AB-3CB0-4EF5-B7F0-72BE1C80540D} = {E64D67AB-3CB0-4EF5-B7F0-72BE1C80540D}
	EndProjectSection
EndProject
Project("{FAE04EC0-301F-11D3-BF4B-00C04F79EFBC}") = "InFrom", "InFrom\InFrom.csproj", "{1DEA993D-C337-4214-8E47-D22F661066F0}"
EndProject
Global
	GlobalSection(SolutionConfigurationPlatforms) = preSolution
		Debug|Any CPU = Debug|Any CPU
		Release|Any CPU = Release|Any CPU
	EndGlobalSection
	GlobalSection(ProjectConfigurationPlatforms) = postSolution
		{BEAFFEF9-0CC0-4AF8-AAB1-0BF8378F7C94}.Debug|Any CPU.ActiveCfg = Debug|Any CPU
		{BEAFFEF9-0CC0-4AF8-AAB1-0BF8378F7C94}.Debug|Any CPU.Build.0 = Debug|Any CPU
		{BEAFFEF9-0CC0-4AF8-AAB1-0BF8378F7C94}.Release|Any CPU.ActiveCfg = Release|Any CPU
		{BEAFFEF9-0CC0-4AF8-AAB1-0BF8378F7C94}.Release|Any CPU.Build.0 = Release|Any CPU
		{66870045-4869-402D-88B8-E5EDD9A7E935}.Debug|Any CPU.ActiveCfg = Debug|Any CPU
		{66870045-4869-402D-88B8-E5EDD9A7E935}.Debug|Any CPU.Build.0 = Debug|Any CPU
		{66870045-4869-402D-88B8-E5EDD9A7E935}.Release|Any CPU.ActiveCfg = Release|Any CPU
		{66870045-4869-402D-88B8-E5EDD9A7E935}.Release|Any CPU.Build.0 = Release|Any CPU
		{E64D67AB-3CB0-4EF5-B7F0-72BE1C80540D}.Debug|Any CPU.ActiveCfg = Debug|Any CPU
		{E64D67AB-3CB0-4EF5-B7F0-72BE1C80540D}.Debug|Any CPU.Build.0 = Debug|Any CPU
		{E64D67AB-3CB0-4EF5-B7F0-72BE1C80540D}.Release|Any CPU.ActiveCfg = Release|Any CPU
		{E64D67AB-3CB0-4EF5-B7F0-72BE1C80540D}.Release|Any CPU.Build.0 = Release|Any CPU
		{95D1D989-4DD1-4E6C-9A1D-B2F0C92CB636}.Debug|Any CPU.ActiveCfg = Debug|Any CPU
		{95D1D989-4DD1-4E6C-9A1D-B2F0C92CB636}.Debug|Any CPU.Build.0 = Debug|Any CPU
		{95D1D989-4DD1-4E6C-9A1D-B2F0C92CB636}.Release|Any CPU.ActiveCfg = Release|Any CPU
		{95D1D989-4DD1-4E6C-9A1D-B2F0C92CB636}.Release|Any CPU.Build.0 = Release|Any CPU
		{1DEA993D-C337-4214-8E47-D22F661066F0}.Debug|Any CPU.ActiveCfg = Debug|Any CPU
		{1DEA993D-C337-4214-8E47-D22F661066F0}.Debug|Any CPU.Build.0 = Debug|Any CPU
		{1DEA993D-C337-4214-8E47-D22F661066F0}.Release|Any CPU.ActiveCfg = Release|Any CPU
		{1DEA993D-C337-4214-8E47-D22F661066F0}.Release|Any CPU.Build.0 = Release|Any CPU
	EndGlobalSection
	GlobalSection(SolutionProperties) = preSolution
		HideSolutionNode = FALSE
	EndGlobalSection
	GlobalSection(ExtensibilityGlobals) = postSolution
		SolutionGuid = {2857B9E2-B626-46C1-BE09-4E49C4523F36}
	EndGlobalSection
EndGlobal
