Microsoft Visual Studio Solution File, Format Version 12.00
# Visual Studio 15
VisualStudioVersion = 15.0.28010.2036
MinimumVisualStudioVersion = 10.0.40219.1
Project("{9A19103F-16F7-4668-BE54-9A1E7A4F7556}") = "DataEngine", "DataEngine\DataEngine.csproj", "{BEAFFEF9-0CC0-4AF8-AAB1-0BF8378F7C94}"
EndProject
Project("{9A19103F-16F7-4668-BE54-9A1E7A4F7556}") = "Engine", "Engine\Engine.csproj", "{66870045-4869-402D-88B8-E5EDD9A7E935}"
EndProject
Project("{E53339B2-1760-4266-BCC7-CA923CBCF16C}") = "docker-compose", "docker-compose.dcproj", "{8794B287-7D9B-48B6-B6FD-66494344DC6A}"
EndProject
Global
	GlobalSection(SolutionConfigurationPlatforms) = preSolution
		Debug|Any CPU = Debug|Any CPU
		Release|Any CPU = Release|Any CPU
	EndGlobalSection
	GlobalSection(ProjectConfigurationPlatforms) = postSolution
		{BEAFFEF9-0CC0-4AF8-AAB1-0BF8378F7C94}.Debug|Any CPU.ActiveCfg = Debug|Any CPU
		{BEAFFEF9-0CC0-4AF8-AAB1-0BF8378F7C94}.Debug|Any CPU.Build.0 = Debug|Any CPU
		{BEAFFEF9-0CC0-4AF8-AAB1-0BF8378F7C94}.Release|Any CPU.ActiveCfg = Release|Any CPU
		{BEAFFEF9-0CC0-4AF8-AAB1-0BF8378F7C94}.Release|Any CPU.Build.0 = Release|Any CPU
		{66870045-4869-402D-88B8-E5EDD9A7E935}.Debug|Any CPU.ActiveCfg = Debug|Any CPU
		{66870045-4869-402D-88B8-E5EDD9A7E935}.Debug|Any CPU.Build.0 = Debug|Any CPU
		{66870045-4869-402D-88B8-E5EDD9A7E935}.Release|Any CPU.ActiveCfg = Release|Any CPU
		{66870045-4869-402D-88B8-E5EDD9A7E935}.Release|Any CPU.Build.0 = Release|Any CPU
		{8794B287-7D9B-48B6-B6FD-66494344DC6A}.Debug|Any CPU.ActiveCfg = Debug|Any CPU
		{8794B287-7D9B-48B6-B6FD-66494344DC6A}.Debug|Any CPU.Build.0 = Debug|Any CPU
		{8794B287-7D9B-48B6-B6FD-66494344DC6A}.Release|Any CPU.ActiveCfg = Release|Any CPU
		{8794B287-7D9B-48B6-B6FD-66494344DC6A}.Release|Any CPU.Build.0 = Release|Any CPU
	EndGlobalSection
	GlobalSection(SolutionProperties) = preSolution
		HideSolutionNode = FALSE
	EndGlobalSection
	GlobalSection(ExtensibilityGlobals) = postSolution
		SolutionGuid = {2857B9E2-B626-46C1-BE09-4E49C4523F36}
	EndGlobalSection
EndGlobal
